
Microsoft Visual Studio Solution File, Format Version 12.00
# Visual Studio 15
VisualStudioVersion = 15.0.28307.902
MinimumVisualStudioVersion = 10.0.40219.1
Project("{2150E333-8FDC-42A3-9474-1A3956D46DE8}") = "01.Framework", "01.Framework", "{9A2BA0DE-C702-4860-A750-6ABA6DF4C352}"
EndProject
Project("{2150E333-8FDC-42A3-9474-1A3956D46DE8}") = "02.Entity", "02.Entity", "{6CE810AC-C62A-4A33-B83B-BACD2CF91A6B}"
EndProject
Project("{2150E333-8FDC-42A3-9474-1A3956D46DE8}") = "03.API", "03.API", "{29542A98-9DE6-4B82-915E-B6AED70B76E5}"
EndProject
Project("{2150E333-8FDC-42A3-9474-1A3956D46DE8}") = "04.Server", "04.Server", "{35E07A7E-E012-4FC0-A0C2-2050B35FF13A}"
EndProject
Project("{2150E333-8FDC-42A3-9474-1A3956D46DE8}") = "05.Client", "05.Client", "{D361A2EE-C713-41FE-9847-6C8ECA48B4A4}"
EndProject
Project("{FAE04EC0-301F-11D3-BF4B-00C04F79EFBC}") = "Entity", "02.Entity\Entity\Entity.csproj", "{B80D9D2A-2212-4EA7-AB22-B80C312DE17F}"
EndProject
Project("{FAE04EC0-301F-11D3-BF4B-00C04F79EFBC}") = "API", "03.API\API\API.csproj", "{E0304E1A-DAD0-4F46-8A09-1D189E9F436A}"
EndProject
Project("{FAE04EC0-301F-11D3-BF4B-00C04F79EFBC}") = "Common", "01.Framework\Common\Common.csproj", "{15724E58-0784-45F3-B6D0-A611223FABED}"
EndProject
Project("{9A19103F-16F7-4668-BE54-9A1E7A4F7556}") = "QueryBuilder", "01.Framework\QueryBuilder\QueryBuilder.csproj", "{D829051D-8322-420F-9AC3-A4CADCC4E568}"
EndProject
Project("{9A19103F-16F7-4668-BE54-9A1E7A4F7556}") = "SqlKata.Execution", "01.Framework\SqlKata.Execution\SqlKata.Execution.csproj", "{A3132773-4B4E-4B42-95A5-40B40DE68F0D}"
EndProject
Global
	GlobalSection(SolutionConfigurationPlatforms) = preSolution
		Debug|Any CPU = Debug|Any CPU
		Debug|x86 = Debug|x86
		Release|Any CPU = Release|Any CPU
		Release|x86 = Release|x86
	EndGlobalSection
	GlobalSection(ProjectConfigurationPlatforms) = postSolution
		{B80D9D2A-2212-4EA7-AB22-B80C312DE17F}.Debug|Any CPU.ActiveCfg = Debug|Any CPU
		{B80D9D2A-2212-4EA7-AB22-B80C312DE17F}.Debug|Any CPU.Build.0 = Debug|Any CPU
		{B80D9D2A-2212-4EA7-AB22-B80C312DE17F}.Debug|x86.ActiveCfg = Debug|Any CPU
		{B80D9D2A-2212-4EA7-AB22-B80C312DE17F}.Debug|x86.Build.0 = Debug|Any CPU
		{B80D9D2A-2212-4EA7-AB22-B80C312DE17F}.Release|Any CPU.ActiveCfg = Release|Any CPU
		{B80D9D2A-2212-4EA7-AB22-B80C312DE17F}.Release|Any CPU.Build.0 = Release|Any CPU
		{B80D9D2A-2212-4EA7-AB22-B80C312DE17F}.Release|x86.ActiveCfg = Release|Any CPU
		{B80D9D2A-2212-4EA7-AB22-B80C312DE17F}.Release|x86.Build.0 = Release|Any CPU
		{E0304E1A-DAD0-4F46-8A09-1D189E9F436A}.Debug|Any CPU.ActiveCfg = Debug|Any CPU
		{E0304E1A-DAD0-4F46-8A09-1D189E9F436A}.Debug|Any CPU.Build.0 = Debug|Any CPU
		{E0304E1A-DAD0-4F46-8A09-1D189E9F436A}.Debug|x86.ActiveCfg = Debug|Any CPU
		{E0304E1A-DAD0-4F46-8A09-1D189E9F436A}.Debug|x86.Build.0 = Debug|Any CPU
		{E0304E1A-DAD0-4F46-8A09-1D189E9F436A}.Release|Any CPU.ActiveCfg = Release|Any CPU
		{E0304E1A-DAD0-4F46-8A09-1D189E9F436A}.Release|Any CPU.Build.0 = Release|Any CPU
		{E0304E1A-DAD0-4F46-8A09-1D189E9F436A}.Release|x86.ActiveCfg = Release|Any CPU
		{E0304E1A-DAD0-4F46-8A09-1D189E9F436A}.Release|x86.Build.0 = Release|Any CPU
		{15724E58-0784-45F3-B6D0-A611223FABED}.Debug|Any CPU.ActiveCfg = Debug|Any CPU
		{15724E58-0784-45F3-B6D0-A611223FABED}.Debug|Any CPU.Build.0 = Debug|Any CPU
		{15724E58-0784-45F3-B6D0-A611223FABED}.Debug|x86.ActiveCfg = Debug|Any CPU
		{15724E58-0784-45F3-B6D0-A611223FABED}.Debug|x86.Build.0 = Debug|Any CPU
		{15724E58-0784-45F3-B6D0-A611223FABED}.Release|Any CPU.ActiveCfg = Release|Any CPU
		{15724E58-0784-45F3-B6D0-A611223FABED}.Release|Any CPU.Build.0 = Release|Any CPU
		{15724E58-0784-45F3-B6D0-A611223FABED}.Release|x86.ActiveCfg = Release|Any CPU
		{15724E58-0784-45F3-B6D0-A611223FABED}.Release|x86.Build.0 = Release|Any CPU
		{D829051D-8322-420F-9AC3-A4CADCC4E568}.Debug|Any CPU.ActiveCfg = Debug|Any CPU
		{D829051D-8322-420F-9AC3-A4CADCC4E568}.Debug|Any CPU.Build.0 = Debug|Any CPU
		{D829051D-8322-420F-9AC3-A4CADCC4E568}.Debug|x86.ActiveCfg = Debug|x86
		{D829051D-8322-420F-9AC3-A4CADCC4E568}.Debug|x86.Build.0 = Debug|x86
		{D829051D-8322-420F-9AC3-A4CADCC4E568}.Release|Any CPU.ActiveCfg = Release|Any CPU
		{D829051D-8322-420F-9AC3-A4CADCC4E568}.Release|Any CPU.Build.0 = Release|Any CPU
		{D829051D-8322-420F-9AC3-A4CADCC4E568}.Release|x86.ActiveCfg = Release|x86
		{D829051D-8322-420F-9AC3-A4CADCC4E568}.Release|x86.Build.0 = Release|x86
		{A3132773-4B4E-4B42-95A5-40B40DE68F0D}.Debug|Any CPU.ActiveCfg = Debug|Any CPU
		{A3132773-4B4E-4B42-95A5-40B40DE68F0D}.Debug|Any CPU.Build.0 = Debug|Any CPU
		{A3132773-4B4E-4B42-95A5-40B40DE68F0D}.Debug|x86.ActiveCfg = Debug|x86
		{A3132773-4B4E-4B42-95A5-40B40DE68F0D}.Debug|x86.Build.0 = Debug|x86
		{A3132773-4B4E-4B42-95A5-40B40DE68F0D}.Release|Any CPU.ActiveCfg = Release|Any CPU
		{A3132773-4B4E-4B42-95A5-40B40DE68F0D}.Release|Any CPU.Build.0 = Release|Any CPU
		{A3132773-4B4E-4B42-95A5-40B40DE68F0D}.Release|x86.ActiveCfg = Release|x86
		{A3132773-4B4E-4B42-95A5-40B40DE68F0D}.Release|x86.Build.0 = Release|x86
	EndGlobalSection
	GlobalSection(SolutionProperties) = preSolution
		HideSolutionNode = FALSE
	EndGlobalSection
	GlobalSection(NestedProjects) = preSolution
		{B80D9D2A-2212-4EA7-AB22-B80C312DE17F} = {6CE810AC-C62A-4A33-B83B-BACD2CF91A6B}
		{E0304E1A-DAD0-4F46-8A09-1D189E9F436A} = {29542A98-9DE6-4B82-915E-B6AED70B76E5}
		{15724E58-0784-45F3-B6D0-A611223FABED} = {9A2BA0DE-C702-4860-A750-6ABA6DF4C352}
		{D829051D-8322-420F-9AC3-A4CADCC4E568} = {9A2BA0DE-C702-4860-A750-6ABA6DF4C352}
		{A3132773-4B4E-4B42-95A5-40B40DE68F0D} = {9A2BA0DE-C702-4860-A750-6ABA6DF4C352}
	EndGlobalSection
	GlobalSection(ExtensibilityGlobals) = postSolution
		SolutionGuid = {63BB2F37-BAEB-416F-AE6B-3286B6003E9A}
	EndGlobalSection
EndGlobal
